
Microsoft Visual Studio Solution File, Format Version 12.00
# Visual Studio Version 16
VisualStudioVersion = 16.0.29519.87
MinimumVisualStudioVersion = 10.0.40219.1
Project("{FAE04EC0-301F-11D3-BF4B-00C04F79EFBC}") = "Cdp.Api", "Cdp.Api\Cdp.Api.csproj", "{7AA59C4E-A496-4D0D-A03F-00206D6257B9}"
EndProject
Project("{FAE04EC0-301F-11D3-BF4B-00C04F79EFBC}") = "Cdp.Service", "Cdp.Service\Cdp.Service.csproj", "{589039AF-ACBC-497A-868A-6FADDBE90052}"
EndProject
Global
	GlobalSection(SolutionConfigurationPlatforms) = preSolution
		Debug|Any CPU = Debug|Any CPU
		Release|Any CPU = Release|Any CPU
	EndGlobalSection
	GlobalSection(ProjectConfigurationPlatforms) = postSolution
		{7AA59C4E-A496-4D0D-A03F-00206D6257B9}.Debug|Any CPU.ActiveCfg = Debug|Any CPU
		{7AA59C4E-A496-4D0D-A03F-00206D6257B9}.Debug|Any CPU.Build.0 = Debug|Any CPU
		{7AA59C4E-A496-4D0D-A03F-00206D6257B9}.Release|Any CPU.ActiveCfg = Release|Any CPU
		{7AA59C4E-A496-4D0D-A03F-00206D6257B9}.Release|Any CPU.Build.0 = Release|Any CPU
		{589039AF-ACBC-497A-868A-6FADDBE90052}.Debug|Any CPU.ActiveCfg = Debug|Any CPU
		{589039AF-ACBC-497A-868A-6FADDBE90052}.Debug|Any CPU.Build.0 = Debug|Any CPU
		{589039AF-ACBC-497A-868A-6FADDBE90052}.Release|Any CPU.ActiveCfg = Release|Any CPU
		{589039AF-ACBC-497A-868A-6FADDBE90052}.Release|Any CPU.Build.0 = Release|Any CPU
	EndGlobalSection
	GlobalSection(SolutionProperties) = preSolution
		HideSolutionNode = FALSE
	EndGlobalSection
	GlobalSection(ExtensibilityGlobals) = postSolution
		SolutionGuid = {27A8A5D8-F3E1-4FC2-B3BC-F41984519EDD}
	EndGlobalSection
EndGlobal
